
Microsoft Visual Studio Solution File, Format Version 12.00
# Visual Studio Version 17
VisualStudioVersion = 17.11.35327.3
MinimumVisualStudioVersion = 10.0.40219.1
Project("{FAE04EC0-301F-11D3-BF4B-00C04F79EFBC}") = "Collections-Pt2", "Collections-Pt2\Collections-Pt2.csproj", "{AC01C232-93D4-4E4C-83A6-14A99CAFBF1E}"
EndProject
Project("{2150E333-8FDC-42A3-9474-1A3956D46DE8}") = "Itens de Solução", "Itens de Solução", "{9238FC55-6DCF-4CC5-9AD8-EBC1813D272D}"
	ProjectSection(SolutionItems) = preProject
		.gitignore = .gitignore
	EndProjectSection
EndProject
Project("{FAE04EC0-301F-11D3-BF4B-00C04F79EFBC}") = "SortedDictionary", "SortedDictionary\SortedDictionary.csproj", "{537F2293-5F41-4562-B613-27094740672A}"
EndProject
Project("{FAE04EC0-301F-11D3-BF4B-00C04F79EFBC}") = "SortedSet", "SortedSet\SortedSet.csproj", "{9282D3F2-1F9E-408B-BA0F-DB7A112EBA96}"
EndProject
Project("{FAE04EC0-301F-11D3-BF4B-00C04F79EFBC}") = "ArrayMultidimensionais", "ArrayMultidimensionais\ArrayMultidimensionais.csproj", "{2E5E0D10-3FB7-4645-B9F6-1BE5ED571989}"
EndProject
Project("{FAE04EC0-301F-11D3-BF4B-00C04F79EFBC}") = "JaggedArrays", "JaggedArrays\JaggedArrays.csproj", "{7DF1DF3F-53A6-4F3D-8DEA-2B0DEF22C659}"
EndProject
Project("{FAE04EC0-301F-11D3-BF4B-00C04F79EFBC}") = "ConsultandoCollections", "ConsultandoCollections\ConsultandoCollections.csproj", "{DE62EED5-21D2-40F4-AC9E-F2782436BDAB}"
EndProject
Project("{FAE04EC0-301F-11D3-BF4B-00C04F79EFBC}") = "SequenciasDeElementos", "SequenciasDeElementos\SequenciasDeElementos.csproj", "{EE13FE4F-BF7E-4150-BF01-6D0A51B0CA1F}"
EndProject
Project("{FAE04EC0-301F-11D3-BF4B-00C04F79EFBC}") = "OperadoresDeConjuntos", "OperadoresDeConjuntos\OperadoresDeConjuntos.csproj", "{7B2E2D95-13D9-440D-AB45-04205420EA4B}"
EndProject
Project("{FAE04EC0-301F-11D3-BF4B-00C04F79EFBC}") = "Covariancia", "Covariancia\Covariancia.csproj", "{F0D85313-EF2D-4150-9BEE-E072D4B9E83A}"
EndProject
Project("{FAE04EC0-301F-11D3-BF4B-00C04F79EFBC}") = "Foreach", "Foreach\Foreach.csproj", "{59AA7D9A-5688-4575-9288-659A6850B12C}"
EndProject
Global
	GlobalSection(SolutionConfigurationPlatforms) = preSolution
		Debug|Any CPU = Debug|Any CPU
		Release|Any CPU = Release|Any CPU
	EndGlobalSection
	GlobalSection(ProjectConfigurationPlatforms) = postSolution
		{AC01C232-93D4-4E4C-83A6-14A99CAFBF1E}.Debug|Any CPU.ActiveCfg = Debug|Any CPU
		{AC01C232-93D4-4E4C-83A6-14A99CAFBF1E}.Debug|Any CPU.Build.0 = Debug|Any CPU
		{AC01C232-93D4-4E4C-83A6-14A99CAFBF1E}.Release|Any CPU.ActiveCfg = Release|Any CPU
		{AC01C232-93D4-4E4C-83A6-14A99CAFBF1E}.Release|Any CPU.Build.0 = Release|Any CPU
		{537F2293-5F41-4562-B613-27094740672A}.Debug|Any CPU.ActiveCfg = Debug|Any CPU
		{537F2293-5F41-4562-B613-27094740672A}.Debug|Any CPU.Build.0 = Debug|Any CPU
		{537F2293-5F41-4562-B613-27094740672A}.Release|Any CPU.ActiveCfg = Release|Any CPU
		{537F2293-5F41-4562-B613-27094740672A}.Release|Any CPU.Build.0 = Release|Any CPU
		{9282D3F2-1F9E-408B-BA0F-DB7A112EBA96}.Debug|Any CPU.ActiveCfg = Debug|Any CPU
		{9282D3F2-1F9E-408B-BA0F-DB7A112EBA96}.Debug|Any CPU.Build.0 = Debug|Any CPU
		{9282D3F2-1F9E-408B-BA0F-DB7A112EBA96}.Release|Any CPU.ActiveCfg = Release|Any CPU
		{9282D3F2-1F9E-408B-BA0F-DB7A112EBA96}.Release|Any CPU.Build.0 = Release|Any CPU
		{2E5E0D10-3FB7-4645-B9F6-1BE5ED571989}.Debug|Any CPU.ActiveCfg = Debug|Any CPU
		{2E5E0D10-3FB7-4645-B9F6-1BE5ED571989}.Debug|Any CPU.Build.0 = Debug|Any CPU
		{2E5E0D10-3FB7-4645-B9F6-1BE5ED571989}.Release|Any CPU.ActiveCfg = Release|Any CPU
		{2E5E0D10-3FB7-4645-B9F6-1BE5ED571989}.Release|Any CPU.Build.0 = Release|Any CPU
		{7DF1DF3F-53A6-4F3D-8DEA-2B0DEF22C659}.Debug|Any CPU.ActiveCfg = Debug|Any CPU
		{7DF1DF3F-53A6-4F3D-8DEA-2B0DEF22C659}.Debug|Any CPU.Build.0 = Debug|Any CPU
		{7DF1DF3F-53A6-4F3D-8DEA-2B0DEF22C659}.Release|Any CPU.ActiveCfg = Release|Any CPU
		{7DF1DF3F-53A6-4F3D-8DEA-2B0DEF22C659}.Release|Any CPU.Build.0 = Release|Any CPU
		{DE62EED5-21D2-40F4-AC9E-F2782436BDAB}.Debug|Any CPU.ActiveCfg = Debug|Any CPU
		{DE62EED5-21D2-40F4-AC9E-F2782436BDAB}.Debug|Any CPU.Build.0 = Debug|Any CPU
		{DE62EED5-21D2-40F4-AC9E-F2782436BDAB}.Release|Any CPU.ActiveCfg = Release|Any CPU
		{DE62EED5-21D2-40F4-AC9E-F2782436BDAB}.Release|Any CPU.Build.0 = Release|Any CPU
		{EE13FE4F-BF7E-4150-BF01-6D0A51B0CA1F}.Debug|Any CPU.ActiveCfg = Debug|Any CPU
		{EE13FE4F-BF7E-4150-BF01-6D0A51B0CA1F}.Debug|Any CPU.Build.0 = Debug|Any CPU
		{EE13FE4F-BF7E-4150-BF01-6D0A51B0CA1F}.Release|Any CPU.ActiveCfg = Release|Any CPU
		{EE13FE4F-BF7E-4150-BF01-6D0A51B0CA1F}.Release|Any CPU.Build.0 = Release|Any CPU
		{7B2E2D95-13D9-440D-AB45-04205420EA4B}.Debug|Any CPU.ActiveCfg = Debug|Any CPU
		{7B2E2D95-13D9-440D-AB45-04205420EA4B}.Debug|Any CPU.Build.0 = Debug|Any CPU
		{7B2E2D95-13D9-440D-AB45-04205420EA4B}.Release|Any CPU.ActiveCfg = Release|Any CPU
		{7B2E2D95-13D9-440D-AB45-04205420EA4B}.Release|Any CPU.Build.0 = Release|Any CPU
		{F0D85313-EF2D-4150-9BEE-E072D4B9E83A}.Debug|Any CPU.ActiveCfg = Debug|Any CPU
		{F0D85313-EF2D-4150-9BEE-E072D4B9E83A}.Debug|Any CPU.Build.0 = Debug|Any CPU
		{F0D85313-EF2D-4150-9BEE-E072D4B9E83A}.Release|Any CPU.ActiveCfg = Release|Any CPU
		{F0D85313-EF2D-4150-9BEE-E072D4B9E83A}.Release|Any CPU.Build.0 = Release|Any CPU
		{59AA7D9A-5688-4575-9288-659A6850B12C}.Debug|Any CPU.ActiveCfg = Debug|Any CPU
		{59AA7D9A-5688-4575-9288-659A6850B12C}.Debug|Any CPU.Build.0 = Debug|Any CPU
		{59AA7D9A-5688-4575-9288-659A6850B12C}.Release|Any CPU.ActiveCfg = Release|Any CPU
		{59AA7D9A-5688-4575-9288-659A6850B12C}.Release|Any CPU.Build.0 = Release|Any CPU
	EndGlobalSection
	GlobalSection(SolutionProperties) = preSolution
		HideSolutionNode = FALSE
	EndGlobalSection
	GlobalSection(ExtensibilityGlobals) = postSolution
		SolutionGuid = {DE2380E0-A8F3-4FDF-A0AB-3A78142E1C02}
	EndGlobalSection
EndGlobal
